// !$*UTF8*$!
{
	archiveVersion = 1;
	classes = {
	};
	objectVersion = 46;
	objects = {

/* Begin PBXBuildFile section */
		D53D6BEC1EE01D12006E16FA /* Readme.md in Resources */ = {isa = PBXBuildFile; fileRef = D53D6BEB1EE01D12006E16FA /* Readme.md */; };
		D568EF961EDD424400635BE0 /* ElevatorView.swift in Sources */ = {isa = PBXBuildFile; fileRef = D568EF951EDD424400635BE0 /* ElevatorView.swift */; };
		D568EF981EDD42D600635BE0 /* FloorRequests.swift in Sources */ = {isa = PBXBuildFile; fileRef = D568EF971EDD42D600635BE0 /* FloorRequests.swift */; };
		D568EF9A1EDD432F00635BE0 /* ElevatorManager.swift in Sources */ = {isa = PBXBuildFile; fileRef = D568EF991EDD432F00635BE0 /* ElevatorManager.swift */; };
		D568EF9C1EDD436600635BE0 /* FloorPanel.swift in Sources */ = {isa = PBXBuildFile; fileRef = D568EF9B1EDD436600635BE0 /* FloorPanel.swift */; };
		D568EFA11EDD470D00635BE0 /* ElevatorViewController.swift in Sources */ = {isa = PBXBuildFile; fileRef = D568EFA01EDD470D00635BE0 /* ElevatorViewController.swift */; };
		D568EFA31EDD4B8000635BE0 /* Utils.swift in Sources */ = {isa = PBXBuildFile; fileRef = D568EFA21EDD4B8000635BE0 /* Utils.swift */; };
		D568EFA91EDE8C0200635BE0 /* FloorPanelView.swift in Sources */ = {isa = PBXBuildFile; fileRef = D568EFA81EDE8C0200635BE0 /* FloorPanelView.swift */; };
		D57028641EDB486500F29DE6 /* AppDelegate.swift in Sources */ = {isa = PBXBuildFile; fileRef = D57028631EDB486500F29DE6 /* AppDelegate.swift */; };
		D57028661EDB486500F29DE6 /* ViewController.swift in Sources */ = {isa = PBXBuildFile; fileRef = D57028651EDB486500F29DE6 /* ViewController.swift */; };
		D57028691EDB486500F29DE6 /* Main.storyboard in Resources */ = {isa = PBXBuildFile; fileRef = D57028671EDB486500F29DE6 /* Main.storyboard */; };
		D570286B1EDB486500F29DE6 /* Assets.xcassets in Resources */ = {isa = PBXBuildFile; fileRef = D570286A1EDB486500F29DE6 /* Assets.xcassets */; };
		D570286E1EDB486500F29DE6 /* LaunchScreen.storyboard in Resources */ = {isa = PBXBuildFile; fileRef = D570286C1EDB486500F29DE6 /* LaunchScreen.storyboard */; };
		D57028761EDB48C500F29DE6 /* Elevator.swift in Sources */ = {isa = PBXBuildFile; fileRef = D57028751EDB48C500F29DE6 /* Elevator.swift */; };
		D570287E1EDBB0A600F29DE6 /* ElevatorsTests.swift in Sources */ = {isa = PBXBuildFile; fileRef = D570287D1EDBB0A600F29DE6 /* ElevatorsTests.swift */; };
		D57D2D1F1EDE8FC100FFC8B0 /* FloorPanelViewControlller.swift in Sources */ = {isa = PBXBuildFile; fileRef = D57D2D1E1EDE8FC100FFC8B0 /* FloorPanelViewControlller.swift */; };
/* End PBXBuildFile section */

/* Begin PBXContainerItemProxy section */
		D57028801EDBB0A600F29DE6 /* PBXContainerItemProxy */ = {
			isa = PBXContainerItemProxy;
			containerPortal = D57028581EDB486500F29DE6 /* Project object */;
			proxyType = 1;
			remoteGlobalIDString = D570285F1EDB486500F29DE6;
			remoteInfo = Elevators;
		};
/* End PBXContainerItemProxy section */

/* Begin PBXFileReference section */
		D53D6BEB1EE01D12006E16FA /* Readme.md */ = {isa = PBXFileReference; fileEncoding = 4; lastKnownFileType = net.daringfireball.markdown; path = Readme.md; sourceTree = "<group>"; };
		D568EF951EDD424400635BE0 /* ElevatorView.swift */ = {isa = PBXFileReference; fileEncoding = 4; lastKnownFileType = sourcecode.swift; path = ElevatorView.swift; sourceTree = "<group>"; };
		D568EF971EDD42D600635BE0 /* FloorRequests.swift */ = {isa = PBXFileReference; fileEncoding = 4; lastKnownFileType = sourcecode.swift; path = FloorRequests.swift; sourceTree = "<group>"; };
		D568EF991EDD432F00635BE0 /* ElevatorManager.swift */ = {isa = PBXFileReference; fileEncoding = 4; lastKnownFileType = sourcecode.swift; path = ElevatorManager.swift; sourceTree = "<group>"; };
		D568EF9B1EDD436600635BE0 /* FloorPanel.swift */ = {isa = PBXFileReference; fileEncoding = 4; lastKnownFileType = sourcecode.swift; path = FloorPanel.swift; sourceTree = "<group>"; };
		D568EFA01EDD470D00635BE0 /* ElevatorViewController.swift */ = {isa = PBXFileReference; fileEncoding = 4; lastKnownFileType = sourcecode.swift; path = ElevatorViewController.swift; sourceTree = "<group>"; };
		D568EFA21EDD4B8000635BE0 /* Utils.swift */ = {isa = PBXFileReference; fileEncoding = 4; lastKnownFileType = sourcecode.swift; path = Utils.swift; sourceTree = "<group>"; };
		D568EFA81EDE8C0200635BE0 /* FloorPanelView.swift */ = {isa = PBXFileReference; fileEncoding = 4; lastKnownFileType = sourcecode.swift; path = FloorPanelView.swift; sourceTree = "<group>"; };
		D57028601EDB486500F29DE6 /* Elevators.app */ = {isa = PBXFileReference; explicitFileType = wrapper.application; includeInIndex = 0; path = Elevators.app; sourceTree = BUILT_PRODUCTS_DIR; };
		D57028631EDB486500F29DE6 /* AppDelegate.swift */ = {isa = PBXFileReference; lastKnownFileType = sourcecode.swift; path = AppDelegate.swift; sourceTree = "<group>"; };
		D57028651EDB486500F29DE6 /* ViewController.swift */ = {isa = PBXFileReference; lastKnownFileType = sourcecode.swift; path = ViewController.swift; sourceTree = "<group>"; };
		D57028681EDB486500F29DE6 /* Base */ = {isa = PBXFileReference; lastKnownFileType = file.storyboard; name = Base; path = Base.lproj/Main.storyboard; sourceTree = "<group>"; };
		D570286A1EDB486500F29DE6 /* Assets.xcassets */ = {isa = PBXFileReference; lastKnownFileType = folder.assetcatalog; path = Assets.xcassets; sourceTree = "<group>"; };
		D570286D1EDB486500F29DE6 /* Base */ = {isa = PBXFileReference; lastKnownFileType = file.storyboard; name = Base; path = Base.lproj/LaunchScreen.storyboard; sourceTree = "<group>"; };
		D570286F1EDB486500F29DE6 /* Info.plist */ = {isa = PBXFileReference; lastKnownFileType = text.plist.xml; path = Info.plist; sourceTree = "<group>"; };
		D57028751EDB48C500F29DE6 /* Elevator.swift */ = {isa = PBXFileReference; fileEncoding = 4; lastKnownFileType = sourcecode.swift; path = Elevator.swift; sourceTree = "<group>"; };
		D570287B1EDBB0A600F29DE6 /* ElevatorsTests.xctest */ = {isa = PBXFileReference; explicitFileType = wrapper.cfbundle; includeInIndex = 0; path = ElevatorsTests.xctest; sourceTree = BUILT_PRODUCTS_DIR; };
		D570287D1EDBB0A600F29DE6 /* ElevatorsTests.swift */ = {isa = PBXFileReference; lastKnownFileType = sourcecode.swift; path = ElevatorsTests.swift; sourceTree = "<group>"; };
		D570287F1EDBB0A600F29DE6 /* Info.plist */ = {isa = PBXFileReference; lastKnownFileType = text.plist.xml; path = Info.plist; sourceTree = "<group>"; };
		D57D2D1E1EDE8FC100FFC8B0 /* FloorPanelViewControlller.swift */ = {isa = PBXFileReference; fileEncoding = 4; lastKnownFileType = sourcecode.swift; path = FloorPanelViewControlller.swift; sourceTree = "<group>"; };
/* End PBXFileReference section */

/* Begin PBXFrameworksBuildPhase section */
		D570285D1EDB486500F29DE6 /* Frameworks */ = {
			isa = PBXFrameworksBuildPhase;
			buildActionMask = 2147483647;
			files = (
			);
			runOnlyForDeploymentPostprocessing = 0;
		};
		D57028781EDBB0A600F29DE6 /* Frameworks */ = {
			isa = PBXFrameworksBuildPhase;
			buildActionMask = 2147483647;
			files = (
			);
			runOnlyForDeploymentPostprocessing = 0;
		};
/* End PBXFrameworksBuildPhase section */

/* Begin PBXGroup section */
		D568EF9D1EDD462D00635BE0 /* Model */ = {
			isa = PBXGroup;
			children = (
				D57028751EDB48C500F29DE6 /* Elevator.swift */,
				D568EF9B1EDD436600635BE0 /* FloorPanel.swift */,
				D568EF991EDD432F00635BE0 /* ElevatorManager.swift */,
				D568EF971EDD42D600635BE0 /* FloorRequests.swift */,
				D568EFA21EDD4B8000635BE0 /* Utils.swift */,
			);
			name = Model;
			sourceTree = "<group>";
		};
		D568EF9E1EDD466200635BE0 /* Controllers */ = {
			isa = PBXGroup;
			children = (
				D57028651EDB486500F29DE6 /* ViewController.swift */,
				D568EFA01EDD470D00635BE0 /* ElevatorViewController.swift */,
				D57D2D1E1EDE8FC100FFC8B0 /* FloorPanelViewControlller.swift */,
			);
			name = Controllers;
			sourceTree = "<group>";
		};
		D568EF9F1EDD467E00635BE0 /* View */ = {
			isa = PBXGroup;
			children = (
				D568EF951EDD424400635BE0 /* ElevatorView.swift */,
				D568EFA81EDE8C0200635BE0 /* FloorPanelView.swift */,
			);
			name = View;
			sourceTree = "<group>";
		};
		D57028571EDB486500F29DE6 = {
			isa = PBXGroup;
			children = (
				D53D6BEB1EE01D12006E16FA /* Readme.md */,
				D57028621EDB486500F29DE6 /* Elevators */,
				D570287C1EDBB0A600F29DE6 /* ElevatorsTests */,
				D57028611EDB486500F29DE6 /* Products */,
			);
			sourceTree = "<group>";
		};
		D57028611EDB486500F29DE6 /* Products */ = {
			isa = PBXGroup;
			children = (
				D57028601EDB486500F29DE6 /* Elevators.app */,
				D570287B1EDBB0A600F29DE6 /* ElevatorsTests.xctest */,
			);
			name = Products;
			sourceTree = "<group>";
		};
		D57028621EDB486500F29DE6 /* Elevators */ = {
			isa = PBXGroup;
			children = (
				D57028631EDB486500F29DE6 /* AppDelegate.swift */,
				D568EF9F1EDD467E00635BE0 /* View */,
				D568EF9E1EDD466200635BE0 /* Controllers */,
				D568EF9D1EDD462D00635BE0 /* Model */,
				D57028671EDB486500F29DE6 /* Main.storyboard */,
				D570286A1EDB486500F29DE6 /* Assets.xcassets */,
				D570286C1EDB486500F29DE6 /* LaunchScreen.storyboard */,
				D570286F1EDB486500F29DE6 /* Info.plist */,
			);
			path = Elevators;
			sourceTree = "<group>";
		};
		D570287C1EDBB0A600F29DE6 /* ElevatorsTests */ = {
			isa = PBXGroup;
			children = (
				D570287D1EDBB0A600F29DE6 /* ElevatorsTests.swift */,
				D570287F1EDBB0A600F29DE6 /* Info.plist */,
			);
			path = ElevatorsTests;
			sourceTree = "<group>";
		};
/* End PBXGroup section */

/* Begin PBXNativeTarget section */
		D570285F1EDB486500F29DE6 /* Elevators */ = {
			isa = PBXNativeTarget;
			buildConfigurationList = D57028721EDB486600F29DE6 /* Build configuration list for PBXNativeTarget "Elevators" */;
			buildPhases = (
				D570285C1EDB486500F29DE6 /* Sources */,
				D570285D1EDB486500F29DE6 /* Frameworks */,
				D570285E1EDB486500F29DE6 /* Resources */,
			);
			buildRules = (
			);
			dependencies = (
			);
			name = Elevators;
			productName = Elevators;
			productReference = D57028601EDB486500F29DE6 /* Elevators.app */;
			productType = "com.apple.product-type.application";
		};
		D570287A1EDBB0A600F29DE6 /* ElevatorsTests */ = {
			isa = PBXNativeTarget;
			buildConfigurationList = D57028821EDBB0A600F29DE6 /* Build configuration list for PBXNativeTarget "ElevatorsTests" */;
			buildPhases = (
				D57028771EDBB0A600F29DE6 /* Sources */,
				D57028781EDBB0A600F29DE6 /* Frameworks */,
				D57028791EDBB0A600F29DE6 /* Resources */,
			);
			buildRules = (
			);
			dependencies = (
				D57028811EDBB0A600F29DE6 /* PBXTargetDependency */,
			);
			name = ElevatorsTests;
			productName = ElevatorsTests;
			productReference = D570287B1EDBB0A600F29DE6 /* ElevatorsTests.xctest */;
			productType = "com.apple.product-type.bundle.unit-test";
		};
/* End PBXNativeTarget section */

/* Begin PBXProject section */
		D57028581EDB486500F29DE6 /* Project object */ = {
			isa = PBXProject;
			attributes = {
				LastSwiftUpdateCheck = 0830;
				LastUpgradeCheck = 0900;
				ORGANIZATIONNAME = "Paul Ossenbruggen";
				TargetAttributes = {
					D570285F1EDB486500F29DE6 = {
						CreatedOnToolsVersion = 8.3.2;
						DevelopmentTeam = UVHFXZWG47;
						LastSwiftMigration = 0900;
						ProvisioningStyle = Automatic;
					};
					D570287A1EDBB0A600F29DE6 = {
						CreatedOnToolsVersion = 8.3.2;
						DevelopmentTeam = UVHFXZWG47;
						LastSwiftMigration = 0900;
						ProvisioningStyle = Automatic;
						TestTargetID = D570285F1EDB486500F29DE6;
					};
				};
			};
			buildConfigurationList = D570285B1EDB486500F29DE6 /* Build configuration list for PBXProject "Elevators" */;
			compatibilityVersion = "Xcode 3.2";
			developmentRegion = English;
			hasScannedForEncodings = 0;
			knownRegions = (
				en,
				Base,
			);
			mainGroup = D57028571EDB486500F29DE6;
			productRefGroup = D57028611EDB486500F29DE6 /* Products */;
			projectDirPath = "";
			projectRoot = "";
			targets = (
				D570285F1EDB486500F29DE6 /* Elevators */,
				D570287A1EDBB0A600F29DE6 /* ElevatorsTests */,
			);
		};
/* End PBXProject section */

/* Begin PBXResourcesBuildPhase section */
		D570285E1EDB486500F29DE6 /* Resources */ = {
			isa = PBXResourcesBuildPhase;
			buildActionMask = 2147483647;
			files = (
				D570286E1EDB486500F29DE6 /* LaunchScreen.storyboard in Resources */,
				D570286B1EDB486500F29DE6 /* Assets.xcassets in Resources */,
				D53D6BEC1EE01D12006E16FA /* Readme.md in Resources */,
				D57028691EDB486500F29DE6 /* Main.storyboard in Resources */,
			);
			runOnlyForDeploymentPostprocessing = 0;
		};
		D57028791EDBB0A600F29DE6 /* Resources */ = {
			isa = PBXResourcesBuildPhase;
			buildActionMask = 2147483647;
			files = (
			);
			runOnlyForDeploymentPostprocessing = 0;
		};
/* End PBXResourcesBuildPhase section */

/* Begin PBXSourcesBuildPhase section */
		D570285C1EDB486500F29DE6 /* Sources */ = {
			isa = PBXSourcesBuildPhase;
			buildActionMask = 2147483647;
			files = (
				D57028661EDB486500F29DE6 /* ViewController.swift in Sources */,
				D568EFA11EDD470D00635BE0 /* ElevatorViewController.swift in Sources */,
				D57D2D1F1EDE8FC100FFC8B0 /* FloorPanelViewControlller.swift in Sources */,
				D568EFA31EDD4B8000635BE0 /* Utils.swift in Sources */,
				D568EF9A1EDD432F00635BE0 /* ElevatorManager.swift in Sources */,
				D57028641EDB486500F29DE6 /* AppDelegate.swift in Sources */,
				D568EF981EDD42D600635BE0 /* FloorRequests.swift in Sources */,
				D568EF961EDD424400635BE0 /* ElevatorView.swift in Sources */,
				D57028761EDB48C500F29DE6 /* Elevator.swift in Sources */,
				D568EFA91EDE8C0200635BE0 /* FloorPanelView.swift in Sources */,
				D568EF9C1EDD436600635BE0 /* FloorPanel.swift in Sources */,
			);
			runOnlyForDeploymentPostprocessing = 0;
		};
		D57028771EDBB0A600F29DE6 /* Sources */ = {
			isa = PBXSourcesBuildPhase;
			buildActionMask = 2147483647;
			files = (
				D570287E1EDBB0A600F29DE6 /* ElevatorsTests.swift in Sources */,
			);
			runOnlyForDeploymentPostprocessing = 0;
		};
/* End PBXSourcesBuildPhase section */

/* Begin PBXTargetDependency section */
		D57028811EDBB0A600F29DE6 /* PBXTargetDependency */ = {
			isa = PBXTargetDependency;
			target = D570285F1EDB486500F29DE6 /* Elevators */;
			targetProxy = D57028801EDBB0A600F29DE6 /* PBXContainerItemProxy */;
		};
/* End PBXTargetDependency section */

/* Begin PBXVariantGroup section */
		D57028671EDB486500F29DE6 /* Main.storyboard */ = {
			isa = PBXVariantGroup;
			children = (
				D57028681EDB486500F29DE6 /* Base */,
			);
			name = Main.storyboard;
			sourceTree = "<group>";
		};
		D570286C1EDB486500F29DE6 /* LaunchScreen.storyboard */ = {
			isa = PBXVariantGroup;
			children = (
				D570286D1EDB486500F29DE6 /* Base */,
			);
			name = LaunchScreen.storyboard;
			sourceTree = "<group>";
		};
/* End PBXVariantGroup section */

/* Begin XCBuildConfiguration section */
		D57028701EDB486600F29DE6 /* Debug */ = {
			isa = XCBuildConfiguration;
			buildSettings = {
				ALWAYS_SEARCH_USER_PATHS = NO;
				CLANG_ANALYZER_NONNULL = YES;
				CLANG_ANALYZER_NUMBER_OBJECT_CONVERSION = YES_AGGRESSIVE;
				CLANG_CXX_LANGUAGE_STANDARD = "gnu++0x";
				CLANG_CXX_LIBRARY = "libc++";
				CLANG_ENABLE_MODULES = YES;
				CLANG_ENABLE_OBJC_ARC = YES;
				CLANG_WARN_BLOCK_CAPTURE_AUTORELEASING = YES;
				CLANG_WARN_BOOL_CONVERSION = YES;
				CLANG_WARN_COMMA = YES;
				CLANG_WARN_CONSTANT_CONVERSION = YES;
				CLANG_WARN_DIRECT_OBJC_ISA_USAGE = YES_ERROR;
				CLANG_WARN_DOCUMENTATION_COMMENTS = YES;
				CLANG_WARN_EMPTY_BODY = YES;
				CLANG_WARN_ENUM_CONVERSION = YES;
				CLANG_WARN_INFINITE_RECURSION = YES;
				CLANG_WARN_INT_CONVERSION = YES;
				CLANG_WARN_NON_LITERAL_NULL_CONVERSION = YES;
				CLANG_WARN_OBJC_LITERAL_CONVERSION = YES;
				CLANG_WARN_OBJC_ROOT_CLASS = YES_ERROR;
				CLANG_WARN_RANGE_LOOP_ANALYSIS = YES;
				CLANG_WARN_STRICT_PROTOTYPES = YES;
				CLANG_WARN_SUSPICIOUS_MOVE = YES;
				CLANG_WARN_UNREACHABLE_CODE = YES;
				CLANG_WARN__DUPLICATE_METHOD_MATCH = YES;
				"CODE_SIGN_IDENTITY[sdk=iphoneos*]" = "iPhone Developer";
				COPY_PHASE_STRIP = NO;
				DEBUG_INFORMATION_FORMAT = dwarf;
				ENABLE_STRICT_OBJC_MSGSEND = YES;
				ENABLE_TESTABILITY = YES;
				GCC_C_LANGUAGE_STANDARD = gnu99;
				GCC_DYNAMIC_NO_PIC = NO;
				GCC_NO_COMMON_BLOCKS = YES;
				GCC_OPTIMIZATION_LEVEL = 0;
				GCC_PREPROCESSOR_DEFINITIONS = (
					"DEBUG=1",
					"$(inherited)",
				);
				GCC_WARN_64_TO_32_BIT_CONVERSION = YES;
				GCC_WARN_ABOUT_RETURN_TYPE = YES_ERROR;
				GCC_WARN_UNDECLARED_SELECTOR = YES;
				GCC_WARN_UNINITIALIZED_AUTOS = YES_AGGRESSIVE;
				GCC_WARN_UNUSED_FUNCTION = YES;
				GCC_WARN_UNUSED_VARIABLE = YES;
				IPHONEOS_DEPLOYMENT_TARGET = 10.3;
				MTL_ENABLE_DEBUG_INFO = YES;
				ONLY_ACTIVE_ARCH = YES;
				SDKROOT = iphoneos;
				SWIFT_ACTIVE_COMPILATION_CONDITIONS = DEBUG;
				SWIFT_OPTIMIZATION_LEVEL = "-Onone";
				SWIFT_VERSION = 4.0;
				TARGETED_DEVICE_FAMILY = "1,2";
			};
			name = Debug;
		};
		D57028711EDB486600F29DE6 /* Release */ = {
			isa = XCBuildConfiguration;
			buildSettings = {
				ALWAYS_SEARCH_USER_PATHS = NO;
				CLANG_ANALYZER_NONNULL = YES;
				CLANG_ANALYZER_NUMBER_OBJECT_CONVERSION = YES_AGGRESSIVE;
				CLANG_CXX_LANGUAGE_STANDARD = "gnu++0x";
				CLANG_CXX_LIBRARY = "libc++";
				CLANG_ENABLE_MODULES = YES;
				CLANG_ENABLE_OBJC_ARC = YES;
				CLANG_WARN_BLOCK_CAPTURE_AUTORELEASING = YES;
				CLANG_WARN_BOOL_CONVERSION = YES;
				CLANG_WARN_COMMA = YES;
				CLANG_WARN_CONSTANT_CONVERSION = YES;
				CLANG_WARN_DIRECT_OBJC_ISA_USAGE = YES_ERROR;
				CLANG_WARN_DOCUMENTATION_COMMENTS = YES;
				CLANG_WARN_EMPTY_BODY = YES;
				CLANG_WARN_ENUM_CONVERSION = YES;
				CLANG_WARN_INFINITE_RECURSION = YES;
				CLANG_WARN_INT_CONVERSION = YES;
				CLANG_WARN_NON_LITERAL_NULL_CONVERSION = YES;
				CLANG_WARN_OBJC_LITERAL_CONVERSION = YES;
				CLANG_WARN_OBJC_ROOT_CLASS = YES_ERROR;
				CLANG_WARN_RANGE_LOOP_ANALYSIS = YES;
				CLANG_WARN_STRICT_PROTOTYPES = YES;
				CLANG_WARN_SUSPICIOUS_MOVE = YES;
				CLANG_WARN_UNREACHABLE_CODE = YES;
				CLANG_WARN__DUPLICATE_METHOD_MATCH = YES;
				"CODE_SIGN_IDENTITY[sdk=iphoneos*]" = "iPhone Developer";
				COPY_PHASE_STRIP = NO;
				DEBUG_INFORMATION_FORMAT = "dwarf-with-dsym";
				ENABLE_NS_ASSERTIONS = NO;
				ENABLE_STRICT_OBJC_MSGSEND = YES;
				GCC_C_LANGUAGE_STANDARD = gnu99;
				GCC_NO_COMMON_BLOCKS = YES;
				GCC_WARN_64_TO_32_BIT_CONVERSION = YES;
				GCC_WARN_ABOUT_RETURN_TYPE = YES_ERROR;
				GCC_WARN_UNDECLARED_SELECTOR = YES;
				GCC_WARN_UNINITIALIZED_AUTOS = YES_AGGRESSIVE;
				GCC_WARN_UNUSED_FUNCTION = YES;
				GCC_WARN_UNUSED_VARIABLE = YES;
				IPHONEOS_DEPLOYMENT_TARGET = 10.3;
				MTL_ENABLE_DEBUG_INFO = NO;
				SDKROOT = iphoneos;
				SWIFT_OPTIMIZATION_LEVEL = "-Owholemodule";
				SWIFT_VERSION = 4.0;
				TARGETED_DEVICE_FAMILY = "1,2";
				VALIDATE_PRODUCT = YES;
			};
			name = Release;
		};
		D57028731EDB486600F29DE6 /* Debug */ = {
			isa = XCBuildConfiguration;
			buildSettings = {
				DEVELOPMENT_TEAM = UVHFXZWG47;
				INFOPLIST_FILE = Elevators/Info.plist;
				LD_RUNPATH_SEARCH_PATHS = "$(inherited) @executable_path/Frameworks";
				PRODUCT_BUNDLE_IDENTIFIER = com.synthus.Elevators;
				PRODUCT_NAME = "$(TARGET_NAME)";
				SWIFT_SWIFT3_OBJC_INFERENCE = Default;
				SWIFT_VERSION = 4.0;
				TARGETED_DEVICE_FAMILY = "1,2";
			};
			name = Debug;
		};
		D57028741EDB486600F29DE6 /* Release */ = {
			isa = XCBuildConfiguration;
			buildSettings = {
				DEVELOPMENT_TEAM = UVHFXZWG47;
				INFOPLIST_FILE = Elevators/Info.plist;
				LD_RUNPATH_SEARCH_PATHS = "$(inherited) @executable_path/Frameworks";
				PRODUCT_BUNDLE_IDENTIFIER = com.synthus.Elevators;
				PRODUCT_NAME = "$(TARGET_NAME)";
				SWIFT_SWIFT3_OBJC_INFERENCE = Default;
				SWIFT_VERSION = 4.0;
				TARGETED_DEVICE_FAMILY = "1,2";
			};
			name = Release;
		};
		D57028831EDBB0A600F29DE6 /* Debug */ = {
			isa = XCBuildConfiguration;
			buildSettings = {
				BUNDLE_LOADER = "$(TEST_HOST)";
				DEVELOPMENT_TEAM = UVHFXZWG47;
				INFOPLIST_FILE = ElevatorsTests/Info.plist;
				LD_RUNPATH_SEARCH_PATHS = "$(inherited) @executable_path/Frameworks @loader_path/Frameworks";
				PRODUCT_BUNDLE_IDENTIFIER = com.synthus.ElevatorsTests;
				PRODUCT_NAME = "$(TARGET_NAME)";
				SWIFT_SWIFT3_OBJC_INFERENCE = Default;
				SWIFT_VERSION = 4.0;
				TEST_HOST = "$(BUILT_PRODUCTS_DIR)/Elevators.app/Elevators";
			};
			name = Debug;
		};
		D57028841EDBB0A600F29DE6 /* Release */ = {
			isa = XCBuildConfiguration;
			buildSettings = {
				BUNDLE_LOADER = "$(TEST_HOST)";
				DEVELOPMENT_TEAM = UVHFXZWG47;
				INFOPLIST_FILE = ElevatorsTests/Info.plist;
				LD_RUNPATH_SEARCH_PATHS = "$(inherited) @executable_path/Frameworks @loader_path/Frameworks";
				PRODUCT_BUNDLE_IDENTIFIER = com.synthus.ElevatorsTests;
				PRODUCT_NAME = "$(TARGET_NAME)";
				SWIFT_SWIFT3_OBJC_INFERENCE = Default;
				SWIFT_VERSION = 4.0;
				TEST_HOST = "$(BUILT_PRODUCTS_DIR)/Elevators.app/Elevators";
			};
			name = Release;
		};
/* End XCBuildConfiguration section */

/* Begin XCConfigurationList section */
		D570285B1EDB486500F29DE6 /* Build configuration list for PBXProject "Elevators" */ = {
			isa = XCConfigurationList;
			buildConfigurations = (
				D57028701EDB486600F29DE6 /* Debug */,
				D57028711EDB486600F29DE6 /* Release */,
			);
			defaultConfigurationIsVisible = 0;
			defaultConfigurationName = Release;
		};
		D57028721EDB486600F29DE6 /* Build configuration list for PBXNativeTarget "Elevators" */ = {
			isa = XCConfigurationList;
			buildConfigurations = (
				D57028731EDB486600F29DE6 /* Debug */,
				D57028741EDB486600F29DE6 /* Release */,
			);
			defaultConfigurationIsVisible = 0;
			defaultConfigurationName = Release;
		};
		D57028821EDBB0A600F29DE6 /* Build configuration list for PBXNativeTarget "ElevatorsTests" */ = {
			isa = XCConfigurationList;
			buildConfigurations = (
				D57028831EDBB0A600F29DE6 /* Debug */,
				D57028841EDBB0A600F29DE6 /* Release */,
			);
			defaultConfigurationIsVisible = 0;
			defaultConfigurationName = Release;
		};
/* End XCConfigurationList section */
	};
	rootObject = D57028581EDB486500F29DE6 /* Project object */;
}
